// !$*UTF8*$!
{
	archiveVersion = 1;
	classes = {
	};
	objectVersion = 56;
	objects = {

/* Begin PBXBuildFile section */
		B5F840B62A5B148400BB9C62 /* AppDelegate.swift in Sources */ = {isa = PBXBuildFile; fileRef = B5F840B52A5B148400BB9C62 /* AppDelegate.swift */; };
		B5F840B82A5B148400BB9C62 /* SceneDelegate.swift in Sources */ = {isa = PBXBuildFile; fileRef = B5F840B72A5B148400BB9C62 /* SceneDelegate.swift */; };
		B5F840BA2A5B148400BB9C62 /* ViewController.swift in Sources */ = {isa = PBXBuildFile; fileRef = B5F840B92A5B148400BB9C62 /* ViewController.swift */; };
		B5F840BD2A5B148400BB9C62 /* Main.storyboard in Resources */ = {isa = PBXBuildFile; fileRef = B5F840BB2A5B148400BB9C62 /* Main.storyboard */; };
		B5F840BF2A5B148700BB9C62 /* Assets.xcassets in Resources */ = {isa = PBXBuildFile; fileRef = B5F840BE2A5B148700BB9C62 /* Assets.xcassets */; };
		B5F840C22A5B148700BB9C62 /* LaunchScreen.storyboard in Resources */ = {isa = PBXBuildFile; fileRef = B5F840C02A5B148700BB9C62 /* LaunchScreen.storyboard */; };
		B5F840CD2A5B148800BB9C62 /* iosModularAppTests.swift in Sources */ = {isa = PBXBuildFile; fileRef = B5F840CC2A5B148800BB9C62 /* iosModularAppTests.swift */; };
		B5F840D72A5B148800BB9C62 /* iosModularAppUITests.swift in Sources */ = {isa = PBXBuildFile; fileRef = B5F840D62A5B148800BB9C62 /* iosModularAppUITests.swift */; };
		B5F840D92A5B148800BB9C62 /* iosModularAppUITestsLaunchTests.swift in Sources */ = {isa = PBXBuildFile; fileRef = B5F840D82A5B148800BB9C62 /* iosModularAppUITestsLaunchTests.swift */; };
/* End PBXBuildFile section */

/* Begin PBXContainerItemProxy section */
		B5F840C92A5B148800BB9C62 /* PBXContainerItemProxy */ = {
			isa = PBXContainerItemProxy;
			containerPortal = B5F840AA2A5B148400BB9C62 /* Project object */;
			proxyType = 1;
			remoteGlobalIDString = B5F840B12A5B148400BB9C62;
			remoteInfo = iosModularApp;
		};
		B5F840D32A5B148800BB9C62 /* PBXContainerItemProxy */ = {
			isa = PBXContainerItemProxy;
			containerPortal = B5F840AA2A5B148400BB9C62 /* Project object */;
			proxyType = 1;
			remoteGlobalIDString = B5F840B12A5B148400BB9C62;
			remoteInfo = iosModularApp;
		};
/* End PBXContainerItemProxy section */

/* Begin PBXFileReference section */
		B5F840B22A5B148400BB9C62 /* iosModularApp.app */ = {isa = PBXFileReference; explicitFileType = wrapper.application; includeInIndex = 0; path = iosModularApp.app; sourceTree = BUILT_PRODUCTS_DIR; };
		B5F840B52A5B148400BB9C62 /* AppDelegate.swift */ = {isa = PBXFileReference; lastKnownFileType = sourcecode.swift; path = AppDelegate.swift; sourceTree = "<group>"; };
		B5F840B72A5B148400BB9C62 /* SceneDelegate.swift */ = {isa = PBXFileReference; lastKnownFileType = sourcecode.swift; path = SceneDelegate.swift; sourceTree = "<group>"; };
		B5F840B92A5B148400BB9C62 /* ViewController.swift */ = {isa = PBXFileReference; lastKnownFileType = sourcecode.swift; path = ViewController.swift; sourceTree = "<group>"; };
		B5F840BC2A5B148400BB9C62 /* Base */ = {isa = PBXFileReference; lastKnownFileType = file.storyboard; name = Base; path = Base.lproj/Main.storyboard; sourceTree = "<group>"; };
		B5F840BE2A5B148700BB9C62 /* Assets.xcassets */ = {isa = PBXFileReference; lastKnownFileType = folder.assetcatalog; path = Assets.xcassets; sourceTree = "<group>"; };
		B5F840C12A5B148700BB9C62 /* Base */ = {isa = PBXFileReference; lastKnownFileType = file.storyboard; name = Base; path = Base.lproj/LaunchScreen.storyboard; sourceTree = "<group>"; };
		B5F840C32A5B148700BB9C62 /* Info.plist */ = {isa = PBXFileReference; lastKnownFileType = text.plist.xml; path = Info.plist; sourceTree = "<group>"; };
		B5F840C82A5B148800BB9C62 /* iosModularAppTests.xctest */ = {isa = PBXFileReference; explicitFileType = wrapper.cfbundle; includeInIndex = 0; path = iosModularAppTests.xctest; sourceTree = BUILT_PRODUCTS_DIR; };
		B5F840CC2A5B148800BB9C62 /* iosModularAppTests.swift */ = {isa = PBXFileReference; lastKnownFileType = sourcecode.swift; path = iosModularAppTests.swift; sourceTree = "<group>"; };
		B5F840D22A5B148800BB9C62 /* iosModularAppUITests.xctest */ = {isa = PBXFileReference; explicitFileType = wrapper.cfbundle; includeInIndex = 0; path = iosModularAppUITests.xctest; sourceTree = BUILT_PRODUCTS_DIR; };
		B5F840D62A5B148800BB9C62 /* iosModularAppUITests.swift */ = {isa = PBXFileReference; lastKnownFileType = sourcecode.swift; path = iosModularAppUITests.swift; sourceTree = "<group>"; };
		B5F840D82A5B148800BB9C62 /* iosModularAppUITestsLaunchTests.swift */ = {isa = PBXFileReference; lastKnownFileType = sourcecode.swift; path = iosModularAppUITestsLaunchTests.swift; sourceTree = "<group>"; };
/* End PBXFileReference section */

/* Begin PBXFrameworksBuildPhase section */
		B5F840AF2A5B148400BB9C62 /* Frameworks */ = {
			isa = PBXFrameworksBuildPhase;
			buildActionMask = 2147483647;
			files = (
			);
			runOnlyForDeploymentPostprocessing = 0;
		};
		B5F840C52A5B148800BB9C62 /* Frameworks */ = {
			isa = PBXFrameworksBuildPhase;
			buildActionMask = 2147483647;
			files = (
			);
			runOnlyForDeploymentPostprocessing = 0;
		};
		B5F840CF2A5B148800BB9C62 /* Frameworks */ = {
			isa = PBXFrameworksBuildPhase;
			buildActionMask = 2147483647;
			files = (
			);
			runOnlyForDeploymentPostprocessing = 0;
		};
/* End PBXFrameworksBuildPhase section */

/* Begin PBXGroup section */
		B5F840A92A5B148400BB9C62 = {
			isa = PBXGroup;
			children = (
				B5F840B42A5B148400BB9C62 /* iosModularApp */,
				B5F840CB2A5B148800BB9C62 /* iosModularAppTests */,
				B5F840D52A5B148800BB9C62 /* iosModularAppUITests */,
				B5F840B32A5B148400BB9C62 /* Products */,
			);
			sourceTree = "<group>";
		};
		B5F840B32A5B148400BB9C62 /* Products */ = {
			isa = PBXGroup;
			children = (
				B5F840B22A5B148400BB9C62 /* iosModularApp.app */,
				B5F840C82A5B148800BB9C62 /* iosModularAppTests.xctest */,
				B5F840D22A5B148800BB9C62 /* iosModularAppUITests.xctest */,
			);
			name = Products;
			sourceTree = "<group>";
		};
		B5F840B42A5B148400BB9C62 /* iosModularApp */ = {
			isa = PBXGroup;
			children = (
				B5F840EC2A5B150300BB9C62 /* AppDelegate */,
				B5F840E82A5B14C000BB9C62 /* BusinessLogicLayer */,
				B5F840E92A5B14CB00BB9C62 /* DataLayer */,
				B5F840EA2A5B14D800BB9C62 /* Resources */,
				B5F840E52A5B149900BB9C62 /* ServiceLayer */,
				B5F840E62A5B14A200BB9C62 /* UILayer */,
				B5F840C32A5B148700BB9C62 /* Info.plist */,
			);
			path = iosModularApp;
			sourceTree = "<group>";
		};
		B5F840CB2A5B148800BB9C62 /* iosModularAppTests */ = {
			isa = PBXGroup;
			children = (
				B5F840CC2A5B148800BB9C62 /* iosModularAppTests.swift */,
			);
			path = iosModularAppTests;
			sourceTree = "<group>";
		};
		B5F840D52A5B148800BB9C62 /* iosModularAppUITests */ = {
			isa = PBXGroup;
			children = (
				B5F840D62A5B148800BB9C62 /* iosModularAppUITests.swift */,
				B5F840D82A5B148800BB9C62 /* iosModularAppUITestsLaunchTests.swift */,
			);
			path = iosModularAppUITests;
			sourceTree = "<group>";
		};
		B5F840E52A5B149900BB9C62 /* ServiceLayer */ = {
			isa = PBXGroup;
			children = (
			);
			path = ServiceLayer;
			sourceTree = "<group>";
		};
		B5F840E62A5B14A200BB9C62 /* UILayer */ = {
			isa = PBXGroup;
			children = (
				B5F840EB2A5B14EF00BB9C62 /* Storyboards */,
				B5F840E72A5B14AC00BB9C62 /* ViewControllers */,
			);
			path = UILayer;
			sourceTree = "<group>";
		};
		B5F840E72A5B14AC00BB9C62 /* ViewControllers */ = {
			isa = PBXGroup;
			children = (
				B5F840B92A5B148400BB9C62 /* ViewController.swift */,
			);
			path = ViewControllers;
			sourceTree = "<group>";
		};
		B5F840E82A5B14C000BB9C62 /* BusinessLogicLayer */ = {
			isa = PBXGroup;
			children = (
			);
			path = BusinessLogicLayer;
			sourceTree = "<group>";
		};
		B5F840E92A5B14CB00BB9C62 /* DataLayer */ = {
			isa = PBXGroup;
			children = (
			);
			path = DataLayer;
			sourceTree = "<group>";
		};
		B5F840EA2A5B14D800BB9C62 /* Resources */ = {
			isa = PBXGroup;
			children = (
				B5F840BE2A5B148700BB9C62 /* Assets.xcassets */,
			);
			path = Resources;
			sourceTree = "<group>";
		};
		B5F840EB2A5B14EF00BB9C62 /* Storyboards */ = {
			isa = PBXGroup;
			children = (
				B5F840BB2A5B148400BB9C62 /* Main.storyboard */,
				B5F840C02A5B148700BB9C62 /* LaunchScreen.storyboard */,
			);
			path = Storyboards;
			sourceTree = "<group>";
		};
		B5F840EC2A5B150300BB9C62 /* AppDelegate */ = {
			isa = PBXGroup;
			children = (
				B5F840B52A5B148400BB9C62 /* AppDelegate.swift */,
				B5F840B72A5B148400BB9C62 /* SceneDelegate.swift */,
			);
			path = AppDelegate;
			sourceTree = "<group>";
		};
/* End PBXGroup section */

/* Begin PBXNativeTarget section */
		B5F840B12A5B148400BB9C62 /* iosModularApp */ = {
			isa = PBXNativeTarget;
			buildConfigurationList = B5F840DC2A5B148800BB9C62 /* Build configuration list for PBXNativeTarget "iosModularApp" */;
			buildPhases = (
				B5F840AE2A5B148400BB9C62 /* Sources */,
				B5F840AF2A5B148400BB9C62 /* Frameworks */,
				B5F840B02A5B148400BB9C62 /* Resources */,
			);
			buildRules = (
			);
			dependencies = (
			);
			name = iosModularApp;
			productName = iosModularApp;
			productReference = B5F840B22A5B148400BB9C62 /* iosModularApp.app */;
			productType = "com.apple.product-type.application";
		};
		B5F840C72A5B148800BB9C62 /* iosModularAppTests */ = {
			isa = PBXNativeTarget;
			buildConfigurationList = B5F840DF2A5B148800BB9C62 /* Build configuration list for PBXNativeTarget "iosModularAppTests" */;
			buildPhases = (
				B5F840C42A5B148800BB9C62 /* Sources */,
				B5F840C52A5B148800BB9C62 /* Frameworks */,
				B5F840C62A5B148800BB9C62 /* Resources */,
			);
			buildRules = (
			);
			dependencies = (
				B5F840CA2A5B148800BB9C62 /* PBXTargetDependency */,
			);
			name = iosModularAppTests;
			productName = iosModularAppTests;
			productReference = B5F840C82A5B148800BB9C62 /* iosModularAppTests.xctest */;
			productType = "com.apple.product-type.bundle.unit-test";
		};
		B5F840D12A5B148800BB9C62 /* iosModularAppUITests */ = {
			isa = PBXNativeTarget;
			buildConfigurationList = B5F840E22A5B148800BB9C62 /* Build configuration list for PBXNativeTarget "iosModularAppUITests" */;
			buildPhases = (
				B5F840CE2A5B148800BB9C62 /* Sources */,
				B5F840CF2A5B148800BB9C62 /* Frameworks */,
				B5F840D02A5B148800BB9C62 /* Resources */,
			);
			buildRules = (
			);
			dependencies = (
				B5F840D42A5B148800BB9C62 /* PBXTargetDependency */,
			);
			name = iosModularAppUITests;
			productName = iosModularAppUITests;
			productReference = B5F840D22A5B148800BB9C62 /* iosModularAppUITests.xctest */;
			productType = "com.apple.product-type.bundle.ui-testing";
		};
/* End PBXNativeTarget section */

/* Begin PBXProject section */
		B5F840AA2A5B148400BB9C62 /* Project object */ = {
			isa = PBXProject;
			attributes = {
				BuildIndependentTargetsInParallel = 1;
				LastSwiftUpdateCheck = 1500;
				LastUpgradeCheck = 1500;
				TargetAttributes = {
					B5F840B12A5B148400BB9C62 = {
						CreatedOnToolsVersion = 15.0;
					};
					B5F840C72A5B148800BB9C62 = {
						CreatedOnToolsVersion = 15.0;
						TestTargetID = B5F840B12A5B148400BB9C62;
					};
					B5F840D12A5B148800BB9C62 = {
						CreatedOnToolsVersion = 15.0;
						TestTargetID = B5F840B12A5B148400BB9C62;
					};
				};
			};
			buildConfigurationList = B5F840AD2A5B148400BB9C62 /* Build configuration list for PBXProject "iosModularApp" */;
			compatibilityVersion = "Xcode 14.0";
			developmentRegion = en;
			hasScannedForEncodings = 0;
			knownRegions = (
				en,
				Base,
			);
			mainGroup = B5F840A92A5B148400BB9C62;
			productRefGroup = B5F840B32A5B148400BB9C62 /* Products */;
			projectDirPath = "";
			projectRoot = "";
			targets = (
				B5F840B12A5B148400BB9C62 /* iosModularApp */,
				B5F840C72A5B148800BB9C62 /* iosModularAppTests */,
				B5F840D12A5B148800BB9C62 /* iosModularAppUITests */,
			);
		};
/* End PBXProject section */

/* Begin PBXResourcesBuildPhase section */
		B5F840B02A5B148400BB9C62 /* Resources */ = {
			isa = PBXResourcesBuildPhase;
			buildActionMask = 2147483647;
			files = (
				B5F840C22A5B148700BB9C62 /* LaunchScreen.storyboard in Resources */,
				B5F840BF2A5B148700BB9C62 /* Assets.xcassets in Resources */,
				B5F840BD2A5B148400BB9C62 /* Main.storyboard in Resources */,
			);
			runOnlyForDeploymentPostprocessing = 0;
		};
		B5F840C62A5B148800BB9C62 /* Resources */ = {
			isa = PBXResourcesBuildPhase;
			buildActionMask = 2147483647;
			files = (
			);
			runOnlyForDeploymentPostprocessing = 0;
		};
		B5F840D02A5B148800BB9C62 /* Resources */ = {
			isa = PBXResourcesBuildPhase;
			buildActionMask = 2147483647;
			files = (
			);
			runOnlyForDeploymentPostprocessing = 0;
		};
/* End PBXResourcesBuildPhase section */

/* Begin PBXSourcesBuildPhase section */
		B5F840AE2A5B148400BB9C62 /* Sources */ = {
			isa = PBXSourcesBuildPhase;
			buildActionMask = 2147483647;
			files = (
				B5F840BA2A5B148400BB9C62 /* ViewController.swift in Sources */,
				B5F840B62A5B148400BB9C62 /* AppDelegate.swift in Sources */,
				B5F840B82A5B148400BB9C62 /* SceneDelegate.swift in Sources */,
			);
			runOnlyForDeploymentPostprocessing = 0;
		};
		B5F840C42A5B148800BB9C62 /* Sources */ = {
			isa = PBXSourcesBuildPhase;
			buildActionMask = 2147483647;
			files = (
				B5F840CD2A5B148800BB9C62 /* iosModularAppTests.swift in Sources */,
			);
			runOnlyForDeploymentPostprocessing = 0;
		};
		B5F840CE2A5B148800BB9C62 /* Sources */ = {
			isa = PBXSourcesBuildPhase;
			buildActionMask = 2147483647;
			files = (
				B5F840D72A5B148800BB9C62 /* iosModularAppUITests.swift in Sources */,
				B5F840D92A5B148800BB9C62 /* iosModularAppUITestsLaunchTests.swift in Sources */,
			);
			runOnlyForDeploymentPostprocessing = 0;
		};
/* End PBXSourcesBuildPhase section */

/* Begin PBXTargetDependency section */
		B5F840CA2A5B148800BB9C62 /* PBXTargetDependency */ = {
			isa = PBXTargetDependency;
			target = B5F840B12A5B148400BB9C62 /* iosModularApp */;
			targetProxy = B5F840C92A5B148800BB9C62 /* PBXContainerItemProxy */;
		};
		B5F840D42A5B148800BB9C62 /* PBXTargetDependency */ = {
			isa = PBXTargetDependency;
			target = B5F840B12A5B148400BB9C62 /* iosModularApp */;
			targetProxy = B5F840D32A5B148800BB9C62 /* PBXContainerItemProxy */;
		};
/* End PBXTargetDependency section */

/* Begin PBXVariantGroup section */
		B5F840BB2A5B148400BB9C62 /* Main.storyboard */ = {
			isa = PBXVariantGroup;
			children = (
				B5F840BC2A5B148400BB9C62 /* Base */,
			);
			name = Main.storyboard;
			sourceTree = "<group>";
		};
		B5F840C02A5B148700BB9C62 /* LaunchScreen.storyboard */ = {
			isa = PBXVariantGroup;
			children = (
				B5F840C12A5B148700BB9C62 /* Base */,
			);
			name = LaunchScreen.storyboard;
			sourceTree = "<group>";
		};
/* End PBXVariantGroup section */

/* Begin XCBuildConfiguration section */
		B5F840DA2A5B148800BB9C62 /* Debug */ = {
			isa = XCBuildConfiguration;
			buildSettings = {
				ALWAYS_SEARCH_USER_PATHS = NO;
				ASSETCATALOG_COMPILER_GENERATE_SWIFT_ASSET_SYMBOL_EXTENSIONS = YES;
				CLANG_ANALYZER_NONNULL = YES;
				CLANG_ANALYZER_NUMBER_OBJECT_CONVERSION = YES_AGGRESSIVE;
				CLANG_CXX_LANGUAGE_STANDARD = "gnu++20";
				CLANG_ENABLE_MODULES = YES;
				CLANG_ENABLE_OBJC_ARC = YES;
				CLANG_ENABLE_OBJC_WEAK = YES;
				CLANG_WARN_BLOCK_CAPTURE_AUTORELEASING = YES;
				CLANG_WARN_BOOL_CONVERSION = YES;
				CLANG_WARN_COMMA = YES;
				CLANG_WARN_CONSTANT_CONVERSION = YES;
				CLANG_WARN_DEPRECATED_OBJC_IMPLEMENTATIONS = YES;
				CLANG_WARN_DIRECT_OBJC_ISA_USAGE = YES_ERROR;
				CLANG_WARN_DOCUMENTATION_COMMENTS = YES;
				CLANG_WARN_EMPTY_BODY = YES;
				CLANG_WARN_ENUM_CONVERSION = YES;
				CLANG_WARN_INFINITE_RECURSION = YES;
				CLANG_WARN_INT_CONVERSION = YES;
				CLANG_WARN_NON_LITERAL_NULL_CONVERSION = YES;
				CLANG_WARN_OBJC_IMPLICIT_RETAIN_SELF = YES;
				CLANG_WARN_OBJC_LITERAL_CONVERSION = YES;
				CLANG_WARN_OBJC_ROOT_CLASS = YES_ERROR;
				CLANG_WARN_QUOTED_INCLUDE_IN_FRAMEWORK_HEADER = YES;
				CLANG_WARN_RANGE_LOOP_ANALYSIS = YES;
				CLANG_WARN_STRICT_PROTOTYPES = YES;
				CLANG_WARN_SUSPICIOUS_MOVE = YES;
				CLANG_WARN_UNGUARDED_AVAILABILITY = YES_AGGRESSIVE;
				CLANG_WARN_UNREACHABLE_CODE = YES;
				CLANG_WARN__DUPLICATE_METHOD_MATCH = YES;
				COPY_PHASE_STRIP = NO;
				DEBUG_INFORMATION_FORMAT = dwarf;
				ENABLE_STRICT_OBJC_MSGSEND = YES;
				ENABLE_TESTABILITY = YES;
				ENABLE_USER_SCRIPT_SANDBOXING = YES;
				GCC_C_LANGUAGE_STANDARD = gnu17;
				GCC_DYNAMIC_NO_PIC = NO;
				GCC_NO_COMMON_BLOCKS = YES;
				GCC_OPTIMIZATION_LEVEL = 0;
				GCC_PREPROCESSOR_DEFINITIONS = (
					"DEBUG=1",
					"$(inherited)",
				);
				GCC_WARN_64_TO_32_BIT_CONVERSION = YES;
				GCC_WARN_ABOUT_RETURN_TYPE = YES_ERROR;
				GCC_WARN_UNDECLARED_SELECTOR = YES;
				GCC_WARN_UNINITIALIZED_AUTOS = YES_AGGRESSIVE;
				GCC_WARN_UNUSED_FUNCTION = YES;
				GCC_WARN_UNUSED_VARIABLE = YES;
				IPHONEOS_DEPLOYMENT_TARGET = 17.0;
				LOCALIZATION_PREFERS_STRING_CATALOGS = YES;
				MTL_ENABLE_DEBUG_INFO = INCLUDE_SOURCE;
				MTL_FAST_MATH = YES;
				ONLY_ACTIVE_ARCH = YES;
				SDKROOT = iphoneos;
				SWIFT_ACTIVE_COMPILATION_CONDITIONS = "DEBUG $(inherited)";
				SWIFT_OPTIMIZATION_LEVEL = "-Onone";
			};
			name = Debug;
		};
		B5F840DB2A5B148800BB9C62 /* Release */ = {
			isa = XCBuildConfiguration;
			buildSettings = {
				ALWAYS_SEARCH_USER_PATHS = NO;
				ASSETCATALOG_COMPILER_GENERATE_SWIFT_ASSET_SYMBOL_EXTENSIONS = YES;
				CLANG_ANALYZER_NONNULL = YES;
				CLANG_ANALYZER_NUMBER_OBJECT_CONVERSION = YES_AGGRESSIVE;
				CLANG_CXX_LANGUAGE_STANDARD = "gnu++20";
				CLANG_ENABLE_MODULES = YES;
				CLANG_ENABLE_OBJC_ARC = YES;
				CLANG_ENABLE_OBJC_WEAK = YES;
				CLANG_WARN_BLOCK_CAPTURE_AUTORELEASING = YES;
				CLANG_WARN_BOOL_CONVERSION = YES;
				CLANG_WARN_COMMA = YES;
				CLANG_WARN_CONSTANT_CONVERSION = YES;
				CLANG_WARN_DEPRECATED_OBJC_IMPLEMENTATIONS = YES;
				CLANG_WARN_DIRECT_OBJC_ISA_USAGE = YES_ERROR;
				CLANG_WARN_DOCUMENTATION_COMMENTS = YES;
				CLANG_WARN_EMPTY_BODY = YES;
				CLANG_WARN_ENUM_CONVERSION = YES;
				CLANG_WARN_INFINITE_RECURSION = YES;
				CLANG_WARN_INT_CONVERSION = YES;
				CLANG_WARN_NON_LITERAL_NULL_CONVERSION = YES;
				CLANG_WARN_OBJC_IMPLICIT_RETAIN_SELF = YES;
				CLANG_WARN_OBJC_LITERAL_CONVERSION = YES;
				CLANG_WARN_OBJC_ROOT_CLASS = YES_ERROR;
				CLANG_WARN_QUOTED_INCLUDE_IN_FRAMEWORK_HEADER = YES;
				CLANG_WARN_RANGE_LOOP_ANALYSIS = YES;
				CLANG_WARN_STRICT_PROTOTYPES = YES;
				CLANG_WARN_SUSPICIOUS_MOVE = YES;
				CLANG_WARN_UNGUARDED_AVAILABILITY = YES_AGGRESSIVE;
				CLANG_WARN_UNREACHABLE_CODE = YES;
				CLANG_WARN__DUPLICATE_METHOD_MATCH = YES;
				COPY_PHASE_STRIP = NO;
				DEBUG_INFORMATION_FORMAT = "dwarf-with-dsym";
				ENABLE_NS_ASSERTIONS = NO;
				ENABLE_STRICT_OBJC_MSGSEND = YES;
				ENABLE_USER_SCRIPT_SANDBOXING = YES;
				GCC_C_LANGUAGE_STANDARD = gnu17;
				GCC_NO_COMMON_BLOCKS = YES;
				GCC_WARN_64_TO_32_BIT_CONVERSION = YES;
				GCC_WARN_ABOUT_RETURN_TYPE = YES_ERROR;
				GCC_WARN_UNDECLARED_SELECTOR = YES;
				GCC_WARN_UNINITIALIZED_AUTOS = YES_AGGRESSIVE;
				GCC_WARN_UNUSED_FUNCTION = YES;
				GCC_WARN_UNUSED_VARIABLE = YES;
				IPHONEOS_DEPLOYMENT_TARGET = 17.0;
				LOCALIZATION_PREFERS_STRING_CATALOGS = YES;
				MTL_ENABLE_DEBUG_INFO = NO;
				MTL_FAST_MATH = YES;
				SDKROOT = iphoneos;
				SWIFT_COMPILATION_MODE = wholemodule;
				VALIDATE_PRODUCT = YES;
			};
			name = Release;
		};
		B5F840DD2A5B148800BB9C62 /* Debug */ = {
			isa = XCBuildConfiguration;
			buildSettings = {
				ASSETCATALOG_COMPILER_APPICON_NAME = AppIcon;
				ASSETCATALOG_COMPILER_GLOBAL_ACCENT_COLOR_NAME = AccentColor;
				CODE_SIGN_STYLE = Automatic;
				CURRENT_PROJECT_VERSION = 1;
				DEVELOPMENT_TEAM = Z6547UGYP5;
				GENERATE_INFOPLIST_FILE = YES;
				INFOPLIST_FILE = iosModularApp/Info.plist;
				INFOPLIST_KEY_UIApplicationSupportsIndirectInputEvents = YES;
				INFOPLIST_KEY_UILaunchStoryboardName = LaunchScreen;
				INFOPLIST_KEY_UIMainStoryboardFile = Main;
				INFOPLIST_KEY_UISupportedInterfaceOrientations_iPad = "UIInterfaceOrientationPortrait UIInterfaceOrientationPortraitUpsideDown UIInterfaceOrientationLandscapeLeft UIInterfaceOrientationLandscapeRight";
				INFOPLIST_KEY_UISupportedInterfaceOrientations_iPhone = "UIInterfaceOrientationPortrait UIInterfaceOrientationLandscapeLeft UIInterfaceOrientationLandscapeRight";
				IPHONEOS_DEPLOYMENT_TARGET = 13.0;
				LD_RUNPATH_SEARCH_PATHS = (
					"$(inherited)",
					"@executable_path/Frameworks",
				);
				MARKETING_VERSION = 1.0;
				PRODUCT_BUNDLE_IDENTIFIER = com.ank.iosModularApp;
				PRODUCT_NAME = "$(TARGET_NAME)";
				SWIFT_EMIT_LOC_STRINGS = YES;
				SWIFT_VERSION = 5.0;
				TARGETED_DEVICE_FAMILY = "1,2";
			};
			name = Debug;
		};
		B5F840DE2A5B148800BB9C62 /* Release */ = {
			isa = XCBuildConfiguration;
			buildSettings = {
				ASSETCATALOG_COMPILER_APPICON_NAME = AppIcon;
				ASSETCATALOG_COMPILER_GLOBAL_ACCENT_COLOR_NAME = AccentColor;
				CODE_SIGN_STYLE = Automatic;
				CURRENT_PROJECT_VERSION = 1;
				DEVELOPMENT_TEAM = Z6547UGYP5;
				GENERATE_INFOPLIST_FILE = YES;
				INFOPLIST_FILE = iosModularApp/Info.plist;
				INFOPLIST_KEY_UIApplicationSupportsIndirectInputEvents = YES;
				INFOPLIST_KEY_UILaunchStoryboardName = LaunchScreen;
				INFOPLIST_KEY_UIMainStoryboardFile = Main;
				INFOPLIST_KEY_UISupportedInterfaceOrientations_iPad = "UIInterfaceOrientationPortrait UIInterfaceOrientationPortraitUpsideDown UIInterfaceOrientationLandscapeLeft UIInterfaceOrientationLandscapeRight";
				INFOPLIST_KEY_UISupportedInterfaceOrientations_iPhone = "UIInterfaceOrientationPortrait UIInterfaceOrientationLandscapeLeft UIInterfaceOrientationLandscapeRight";
				IPHONEOS_DEPLOYMENT_TARGET = 13.0;
				LD_RUNPATH_SEARCH_PATHS = (
					"$(inherited)",
					"@executable_path/Frameworks",
				);
				MARKETING_VERSION = 1.0;
				PRODUCT_BUNDLE_IDENTIFIER = com.ank.iosModularApp;
				PRODUCT_NAME = "$(TARGET_NAME)";
				SWIFT_EMIT_LOC_STRINGS = YES;
				SWIFT_VERSION = 5.0;
				TARGETED_DEVICE_FAMILY = "1,2";
			};
			name = Release;
		};
		B5F840E02A5B148800BB9C62 /* Debug */ = {
			isa = XCBuildConfiguration;
			buildSettings = {
				ALWAYS_EMBED_SWIFT_STANDARD_LIBRARIES = YES;
				BUNDLE_LOADER = "$(TEST_HOST)";
				CODE_SIGN_STYLE = Automatic;
				CURRENT_PROJECT_VERSION = 1;
				DEVELOPMENT_TEAM = Z6547UGYP5;
				GENERATE_INFOPLIST_FILE = YES;
				IPHONEOS_DEPLOYMENT_TARGET = 17.0;
				MARKETING_VERSION = 1.0;
				PRODUCT_BUNDLE_IDENTIFIER = com.ank.iosModularAppTests;
				PRODUCT_NAME = "$(TARGET_NAME)";
				SWIFT_EMIT_LOC_STRINGS = NO;
				SWIFT_VERSION = 5.0;
				TARGETED_DEVICE_FAMILY = "1,2";
				TEST_HOST = "$(BUILT_PRODUCTS_DIR)/iosModularApp.app/$(BUNDLE_EXECUTABLE_FOLDER_PATH)/iosModularApp";
			};
			name = Debug;
		};
		B5F840E12A5B148800BB9C62 /* Release */ = {
			isa = XCBuildConfiguration;
			buildSettings = {
				ALWAYS_EMBED_SWIFT_STANDARD_LIBRARIES = YES;
				BUNDLE_LOADER = "$(TEST_HOST)";
				CODE_SIGN_STYLE = Automatic;
				CURRENT_PROJECT_VERSION = 1;
				DEVELOPMENT_TEAM = Z6547UGYP5;
				GENERATE_INFOPLIST_FILE = YES;
				IPHONEOS_DEPLOYMENT_TARGET = 17.0;
				MARKETING_VERSION = 1.0;
				PRODUCT_BUNDLE_IDENTIFIER = com.ank.iosModularAppTests;
				PRODUCT_NAME = "$(TARGET_NAME)";
				SWIFT_EMIT_LOC_STRINGS = NO;
				SWIFT_VERSION = 5.0;
				TARGETED_DEVICE_FAMILY = "1,2";
				TEST_HOST = "$(BUILT_PRODUCTS_DIR)/iosModularApp.app/$(BUNDLE_EXECUTABLE_FOLDER_PATH)/iosModularApp";
			};
			name = Release;
		};
		B5F840E32A5B148800BB9C62 /* Debug */ = {
			isa = XCBuildConfiguration;
			buildSettings = {
				ALWAYS_EMBED_SWIFT_STANDARD_LIBRARIES = YES;
				CODE_SIGN_STYLE = Automatic;
				CURRENT_PROJECT_VERSION = 1;
				DEVELOPMENT_TEAM = Z6547UGYP5;
				GENERATE_INFOPLIST_FILE = YES;
				MARKETING_VERSION = 1.0;
				PRODUCT_BUNDLE_IDENTIFIER = com.ank.iosModularAppUITests;
				PRODUCT_NAME = "$(TARGET_NAME)";
				SWIFT_EMIT_LOC_STRINGS = NO;
				SWIFT_VERSION = 5.0;
				TARGETED_DEVICE_FAMILY = "1,2";
				TEST_TARGET_NAME = iosModularApp;
			};
			name = Debug;
		};
		B5F840E42A5B148800BB9C62 /* Release */ = {
			isa = XCBuildConfiguration;
			buildSettings = {
				ALWAYS_EMBED_SWIFT_STANDARD_LIBRARIES = YES;
				CODE_SIGN_STYLE = Automatic;
				CURRENT_PROJECT_VERSION = 1;
				DEVELOPMENT_TEAM = Z6547UGYP5;
				GENERATE_INFOPLIST_FILE = YES;
				MARKETING_VERSION = 1.0;
				PRODUCT_BUNDLE_IDENTIFIER = com.ank.iosModularAppUITests;
				PRODUCT_NAME = "$(TARGET_NAME)";
				SWIFT_EMIT_LOC_STRINGS = NO;
				SWIFT_VERSION = 5.0;
				TARGETED_DEVICE_FAMILY = "1,2";
				TEST_TARGET_NAME = iosModularApp;
			};
			name = Release;
		};
/* End XCBuildConfiguration section */

/* Begin XCConfigurationList section */
		B5F840AD2A5B148400BB9C62 /* Build configuration list for PBXProject "iosModularApp" */ = {
			isa = XCConfigurationList;
			buildConfigurations = (
				B5F840DA2A5B148800BB9C62 /* Debug */,
				B5F840DB2A5B148800BB9C62 /* Release */,
			);
			defaultConfigurationIsVisible = 0;
			defaultConfigurationName = Release;
		};
		B5F840DC2A5B148800BB9C62 /* Build configuration list for PBXNativeTarget "iosModularApp" */ = {
			isa = XCConfigurationList;
			buildConfigurations = (
				B5F840DD2A5B148800BB9C62 /* Debug */,
				B5F840DE2A5B148800BB9C62 /* Release */,
			);
			defaultConfigurationIsVisible = 0;
			defaultConfigurationName = Release;
		};
		B5F840DF2A5B148800BB9C62 /* Build configuration list for PBXNativeTarget "iosModularAppTests" */ = {
			isa = XCConfigurationList;
			buildConfigurations = (
				B5F840E02A5B148800BB9C62 /* Debug */,
				B5F840E12A5B148800BB9C62 /* Release */,
			);
			defaultConfigurationIsVisible = 0;
			defaultConfigurationName = Release;
		};
		B5F840E22A5B148800BB9C62 /* Build configuration list for PBXNativeTarget "iosModularAppUITests" */ = {
			isa = XCConfigurationList;
			buildConfigurations = (
				B5F840E32A5B148800BB9C62 /* Debug */,
				B5F840E42A5B148800BB9C62 /* Release */,
			);
			defaultConfigurationIsVisible = 0;
			defaultConfigurationName = Release;
		};
/* End XCConfigurationList section */
	};
	rootObject = B5F840AA2A5B148400BB9C62 /* Project object */;
}
